{
  "name": "jshotkey",
  "version": "3.0.2",
  "lockfileVersion": 2,
  "requires": true,
  "packages": {
    "": {
      "version": "3.0.2",
      "license": "MIT",
      "devDependencies": {
        "typescript": "^4.3.4",
        "uglify-js": "^3.13.9"
      }
    },
    "node_modules/typescript": {
      "version": "4.3.4",
      "resolved": "https://registry.npmjs.org/typescript/-/typescript-4.3.4.tgz",
      "integrity": "sha512-uauPG7XZn9F/mo+7MrsRjyvbxFpzemRjKEZXS4AK83oP2KKOJPvb+9cO/gmnv8arWZvhnjVOXz7B49m1l0e9Ew==",
      "dev": true,
      "bin": {
        "tsc": "bin/tsc",
        "tsserver": "bin/tsserver"
      },
      "engines": {
        "node": ">=4.2.0"
      }
    },
    "node_modules/uglify-js": {
      "version": "3.13.10",
      "resolved": "https://registry.npmjs.org/uglify-js/-/uglify-js-3.13.10.tgz",
      "integrity": "sha512-57H3ACYFXeo1IaZ1w02sfA71wI60MGco/IQFjOqK+WtKoprh7Go2/yvd2HPtoJILO2Or84ncLccI4xoHMTSbGg==",
      "dev": true,
      "bin": {
        "uglifyjs": "bin/uglifyjs"
      },
      "engines": {
        "node": ">=0.8.0"
      }
    }
  },
  "dependencies": {
    "typescript": {
      "version": "4.3.4",
      "resolved": "https://registry.npmjs.org/typescript/-/typescript-4.3.4.tgz",
      "integrity": "sha512-uauPG7XZn9F/mo+7MrsRjyvbxFpzemRjKEZXS4AK83oP2KKOJPvb+9cO/gmnv8arWZvhnjVOXz7B49m1l0e9Ew==",
      "dev": true
    },
    "uglify-js": {
      "version": "3.13.10",
      "resolved": "https://registry.npmjs.org/uglify-js/-/uglify-js-3.13.10.tgz",
      "integrity": "sha512-57H3ACYFXeo1IaZ1w02sfA71wI60MGco/IQFjOqK+WtKoprh7Go2/yvd2HPtoJILO2Or84ncLccI4xoHMTSbGg==",
      "dev": true
    }
  }
}
